
Microsoft Visual Studio Solution File, Format Version 12.00
# Visual Studio Version 16
VisualStudioVersion = 16.0.33423.256
MinimumVisualStudioVersion = 10.0.40219.1
Project("{FAE04EC0-301F-11D3-BF4B-00C04F79EFBC}") = "Şehirler", "Şehirler\Şehirler.csproj", "{B90F1684-9BE5-4B59-9AFD-0EFC21C72B97}"
EndProject
Global
	GlobalSection(SolutionConfigurationPlatforms) = preSolution
		Debug|Any CPU = Debug|Any CPU
		Release|Any CPU = Release|Any CPU
	EndGlobalSection
	GlobalSection(ProjectConfigurationPlatforms) = postSolution
		{B90F1684-9BE5-4B59-9AFD-0EFC21C72B97}.Debug|Any CPU.ActiveCfg = Debug|Any CPU
		{B90F1684-9BE5-4B59-9AFD-0EFC21C72B97}.Debug|Any CPU.Build.0 = Debug|Any CPU
		{B90F1684-9BE5-4B59-9AFD-0EFC21C72B97}.Release|Any CPU.ActiveCfg = Release|Any CPU
		{B90F1684-9BE5-4B59-9AFD-0EFC21C72B97}.Release|Any CPU.Build.0 = Release|Any CPU
	EndGlobalSection
	GlobalSection(SolutionProperties) = preSolution
		HideSolutionNode = FALSE
	EndGlobalSection
	GlobalSection(ExtensibilityGlobals) = postSolution
		SolutionGuid = {F7484E86-E61C-4E75-B1CD-2ABDE35EDF33}
	EndGlobalSection
EndGlobal
